
Microsoft Visual Studio Solution File, Format Version 12.00
# Visual Studio Version 16
VisualStudioVersion = 16.0.31205.134
MinimumVisualStudioVersion = 10.0.40219.1
Project("{9A19103F-16F7-4668-BE54-9A1E7A4F7556}") = "Zuber", "Zuber\Zuber.csproj", "{2EE4394E-B23F-48A9-85F0-9D599C010B5B}"
EndProject
Project("{FAE04EC0-301F-11D3-BF4B-00C04F79EFBC}") = "ZuberTest", "ZuberTest\ZuberTest.csproj", "{1CF48BD0-B398-4F91-AA38-8E9EB3AC9AFC}"
EndProject
Global
	GlobalSection(SolutionConfigurationPlatforms) = preSolution
		Debug|Any CPU = Debug|Any CPU
		Release|Any CPU = Release|Any CPU
	EndGlobalSection
	GlobalSection(ProjectConfigurationPlatforms) = postSolution
		{2EE4394E-B23F-48A9-85F0-9D599C010B5B}.Debug|Any CPU.ActiveCfg = Debug|Any CPU
		{2EE4394E-B23F-48A9-85F0-9D599C010B5B}.Debug|Any CPU.Build.0 = Debug|Any CPU
		{2EE4394E-B23F-48A9-85F0-9D599C010B5B}.Release|Any CPU.ActiveCfg = Release|Any CPU
		{2EE4394E-B23F-48A9-85F0-9D599C010B5B}.Release|Any CPU.Build.0 = Release|Any CPU
		{1CF48BD0-B398-4F91-AA38-8E9EB3AC9AFC}.Debug|Any CPU.ActiveCfg = Debug|Any CPU
		{1CF48BD0-B398-4F91-AA38-8E9EB3AC9AFC}.Debug|Any CPU.Build.0 = Debug|Any CPU
		{1CF48BD0-B398-4F91-AA38-8E9EB3AC9AFC}.Release|Any CPU.ActiveCfg = Release|Any CPU
		{1CF48BD0-B398-4F91-AA38-8E9EB3AC9AFC}.Release|Any CPU.Build.0 = Release|Any CPU
	EndGlobalSection
	GlobalSection(SolutionProperties) = preSolution
		HideSolutionNode = FALSE
	EndGlobalSection
	GlobalSection(ExtensibilityGlobals) = postSolution
		SolutionGuid = {CC07F45F-E331-4045-9E8A-E8F3692E333D}
	EndGlobalSection
EndGlobal
